dependencies:
- name: postgresql
  repository: https://charts.bitnami.com/bitnami
  version: 12.1.3
- name: keycloak
  repository: https://codecentric.github.io/helm-charts
  version: 18.3.0
- name: redis
  repository: https://charts.bitnami.com/bitnami
  version: 17.8.2
digest: sha256:a94caba83eae178e5f991cf160965026a3e2a9a0ea1a817c4cbc576f9da77b0f
generated: "2023-03-04T14:08:02.266873+02:00"
